
Microsoft Visual Studio Solution File, Format Version 12.00
# Visual Studio Version 17
VisualStudioVersion = 17.2.32519.379
MinimumVisualStudioVersion = 10.0.40219.1
Project("{9A19103F-16F7-4668-BE54-9A1E7A4F7556}") = "Forum", "Forum.csproj", "{DFA413F1-38B8-4FA5-A1EE-9A16D4A7D9F4}"
EndProject
Project("{FAE04EC0-301F-11D3-BF4B-00C04F79EFBC}") = "ForumTests", "..\ForumTests\ForumTests.csproj", "{8D8AFBD0-B301-4268-8756-8A0A5B64C72D}"
	ProjectSection(ProjectDependencies) = postProject
		{DFA413F1-38B8-4FA5-A1EE-9A16D4A7D9F4} = {DFA413F1-38B8-4FA5-A1EE-9A16D4A7D9F4}
	EndProjectSection
EndProject
Global
	GlobalSection(SolutionConfigurationPlatforms) = preSolution
		Debug|Any CPU = Debug|Any CPU
		Release|Any CPU = Release|Any CPU
	EndGlobalSection
	GlobalSection(ProjectConfigurationPlatforms) = postSolution
		{DFA413F1-38B8-4FA5-A1EE-9A16D4A7D9F4}.Debug|Any CPU.ActiveCfg = Debug|Any CPU
		{DFA413F1-38B8-4FA5-A1EE-9A16D4A7D9F4}.Debug|Any CPU.Build.0 = Debug|Any CPU
		{DFA413F1-38B8-4FA5-A1EE-9A16D4A7D9F4}.Release|Any CPU.ActiveCfg = Release|Any CPU
		{DFA413F1-38B8-4FA5-A1EE-9A16D4A7D9F4}.Release|Any CPU.Build.0 = Release|Any CPU
		{8D8AFBD0-B301-4268-8756-8A0A5B64C72D}.Debug|Any CPU.ActiveCfg = Debug|Any CPU
		{8D8AFBD0-B301-4268-8756-8A0A5B64C72D}.Debug|Any CPU.Build.0 = Debug|Any CPU
		{8D8AFBD0-B301-4268-8756-8A0A5B64C72D}.Release|Any CPU.ActiveCfg = Release|Any CPU
		{8D8AFBD0-B301-4268-8756-8A0A5B64C72D}.Release|Any CPU.Build.0 = Release|Any CPU
	EndGlobalSection
	GlobalSection(SolutionProperties) = preSolution
		HideSolutionNode = FALSE
	EndGlobalSection
	GlobalSection(ExtensibilityGlobals) = postSolution
		SolutionGuid = {28487986-B073-48D6-876D-FD4412CBC7BF}
	EndGlobalSection
EndGlobal
